
Microsoft Visual Studio Solution File, Format Version 12.00
Project("{FAE04EC0-301F-11D3-BF4B-00C04F79EFBC}") = "QuizGame", "QuizGame\QuizGame.csproj", "{84D7CA86-A48B-42AD-95D3-842A8F1030DB}"
EndProject
Global
	GlobalSection(SolutionConfigurationPlatforms) = preSolution
		Debug|Any CPU = Debug|Any CPU
		Release|Any CPU = Release|Any CPU
	EndGlobalSection
	GlobalSection(ProjectConfigurationPlatforms) = postSolution
		{84D7CA86-A48B-42AD-95D3-842A8F1030DB}.Debug|Any CPU.ActiveCfg = Debug|Any CPU
		{84D7CA86-A48B-42AD-95D3-842A8F1030DB}.Debug|Any CPU.Build.0 = Debug|Any CPU
		{84D7CA86-A48B-42AD-95D3-842A8F1030DB}.Release|Any CPU.ActiveCfg = Release|Any CPU
		{84D7CA86-A48B-42AD-95D3-842A8F1030DB}.Release|Any CPU.Build.0 = Release|Any CPU
	EndGlobalSection
EndGlobal
